// !$*UTF8*$!
{
	archiveVersion = 1;
	classes = {
	};
	objectVersion = 56;
	objects = {

/* Begin PBXBuildFile section */
		F4B8E71F2ACED86900F89123 /* AppDelegate.swift in Sources */ = {isa = PBXBuildFile; fileRef = F4B8E71E2ACED86900F89123 /* AppDelegate.swift */; };
		F4B8E7212ACED86900F89123 /* SceneDelegate.swift in Sources */ = {isa = PBXBuildFile; fileRef = F4B8E7202ACED86900F89123 /* SceneDelegate.swift */; };
		F4B8E7232ACED86900F89123 /* MainVC.swift in Sources */ = {isa = PBXBuildFile; fileRef = F4B8E7222ACED86900F89123 /* MainVC.swift */; };
		F4B8E7262ACED86900F89123 /* Main.storyboard in Resources */ = {isa = PBXBuildFile; fileRef = F4B8E7242ACED86900F89123 /* Main.storyboard */; };
		F4B8E7282ACED86B00F89123 /* Assets.xcassets in Resources */ = {isa = PBXBuildFile; fileRef = F4B8E7272ACED86B00F89123 /* Assets.xcassets */; };
		F4B8E72B2ACED86B00F89123 /* LaunchScreen.storyboard in Resources */ = {isa = PBXBuildFile; fileRef = F4B8E7292ACED86B00F89123 /* LaunchScreen.storyboard */; };
		F4B8E7362ACED86C00F89123 /* task_6Tests.swift in Sources */ = {isa = PBXBuildFile; fileRef = F4B8E7352ACED86C00F89123 /* task_6Tests.swift */; };
		F4B8E7402ACED86C00F89123 /* task_6UITests.swift in Sources */ = {isa = PBXBuildFile; fileRef = F4B8E73F2ACED86C00F89123 /* task_6UITests.swift */; };
		F4B8E7422ACED86C00F89123 /* task_6UITestsLaunchTests.swift in Sources */ = {isa = PBXBuildFile; fileRef = F4B8E7412ACED86C00F89123 /* task_6UITestsLaunchTests.swift */; };
		F4B8E7542ACED90100F89123 /* SnapKit in Frameworks */ = {isa = PBXBuildFile; productRef = F4B8E7532ACED90100F89123 /* SnapKit */; };
		F4B8E7562ACED91600F89123 /* MainView.swift in Sources */ = {isa = PBXBuildFile; fileRef = F4B8E7552ACED91600F89123 /* MainView.swift */; };
		F4B8E7592ACEDE0B00F89123 /* FirstVC.swift in Sources */ = {isa = PBXBuildFile; fileRef = F4B8E7582ACEDE0B00F89123 /* FirstVC.swift */; };
		F4B8E75B2ACEDE1200F89123 /* FirstView.swift in Sources */ = {isa = PBXBuildFile; fileRef = F4B8E75A2ACEDE1200F89123 /* FirstView.swift */; };
		F4B8E75E2ACEE9FE00F89123 /* SecondVC.swift in Sources */ = {isa = PBXBuildFile; fileRef = F4B8E75D2ACEE9FE00F89123 /* SecondVC.swift */; };
		F4B8E7602ACEEA0700F89123 /* SecondView.swift in Sources */ = {isa = PBXBuildFile; fileRef = F4B8E75F2ACEEA0700F89123 /* SecondView.swift */; };
		F4B8E7642ACEEE3300F89123 /* ThirdVC.swift in Sources */ = {isa = PBXBuildFile; fileRef = F4B8E7632ACEEE3300F89123 /* ThirdVC.swift */; };
		F4B8E7662ACEEE3C00F89123 /* ThirdView.swift in Sources */ = {isa = PBXBuildFile; fileRef = F4B8E7652ACEEE3C00F89123 /* ThirdView.swift */; };
/* End PBXBuildFile section */

/* Begin PBXContainerItemProxy section */
		F4B8E7322ACED86C00F89123 /* PBXContainerItemProxy */ = {
			isa = PBXContainerItemProxy;
			containerPortal = F4B8E7132ACED86900F89123 /* Project object */;
			proxyType = 1;
			remoteGlobalIDString = F4B8E71A2ACED86900F89123;
			remoteInfo = task_6;
		};
		F4B8E73C2ACED86C00F89123 /* PBXContainerItemProxy */ = {
			isa = PBXContainerItemProxy;
			containerPortal = F4B8E7132ACED86900F89123 /* Project object */;
			proxyType = 1;
			remoteGlobalIDString = F4B8E71A2ACED86900F89123;
			remoteInfo = task_6;
		};
/* End PBXContainerItemProxy section */

/* Begin PBXFileReference section */
		F4B8E71B2ACED86900F89123 /* task_6.app */ = {isa = PBXFileReference; explicitFileType = wrapper.application; includeInIndex = 0; path = task_6.app; sourceTree = BUILT_PRODUCTS_DIR; };
		F4B8E71E2ACED86900F89123 /* AppDelegate.swift */ = {isa = PBXFileReference; lastKnownFileType = sourcecode.swift; path = AppDelegate.swift; sourceTree = "<group>"; };
		F4B8E7202ACED86900F89123 /* SceneDelegate.swift */ = {isa = PBXFileReference; lastKnownFileType = sourcecode.swift; path = SceneDelegate.swift; sourceTree = "<group>"; };
		F4B8E7222ACED86900F89123 /* MainVC.swift */ = {isa = PBXFileReference; lastKnownFileType = sourcecode.swift; path = MainVC.swift; sourceTree = "<group>"; };
		F4B8E7252ACED86900F89123 /* Base */ = {isa = PBXFileReference; lastKnownFileType = file.storyboard; name = Base; path = Base.lproj/Main.storyboard; sourceTree = "<group>"; };
		F4B8E7272ACED86B00F89123 /* Assets.xcassets */ = {isa = PBXFileReference; lastKnownFileType = folder.assetcatalog; path = Assets.xcassets; sourceTree = "<group>"; };
		F4B8E72A2ACED86B00F89123 /* Base */ = {isa = PBXFileReference; lastKnownFileType = file.storyboard; name = Base; path = Base.lproj/LaunchScreen.storyboard; sourceTree = "<group>"; };
		F4B8E72C2ACED86B00F89123 /* Info.plist */ = {isa = PBXFileReference; lastKnownFileType = text.plist.xml; path = Info.plist; sourceTree = "<group>"; };
		F4B8E7312ACED86C00F89123 /* task_6Tests.xctest */ = {isa = PBXFileReference; explicitFileType = wrapper.cfbundle; includeInIndex = 0; path = task_6Tests.xctest; sourceTree = BUILT_PRODUCTS_DIR; };
		F4B8E7352ACED86C00F89123 /* task_6Tests.swift */ = {isa = PBXFileReference; lastKnownFileType = sourcecode.swift; path = task_6Tests.swift; sourceTree = "<group>"; };
		F4B8E73B2ACED86C00F89123 /* task_6UITests.xctest */ = {isa = PBXFileReference; explicitFileType = wrapper.cfbundle; includeInIndex = 0; path = task_6UITests.xctest; sourceTree = BUILT_PRODUCTS_DIR; };
		F4B8E73F2ACED86C00F89123 /* task_6UITests.swift */ = {isa = PBXFileReference; lastKnownFileType = sourcecode.swift; path = task_6UITests.swift; sourceTree = "<group>"; };
		F4B8E7412ACED86C00F89123 /* task_6UITestsLaunchTests.swift */ = {isa = PBXFileReference; lastKnownFileType = sourcecode.swift; path = task_6UITestsLaunchTests.swift; sourceTree = "<group>"; };
		F4B8E7552ACED91600F89123 /* MainView.swift */ = {isa = PBXFileReference; lastKnownFileType = sourcecode.swift; path = MainView.swift; sourceTree = "<group>"; };
		F4B8E7582ACEDE0B00F89123 /* FirstVC.swift */ = {isa = PBXFileReference; lastKnownFileType = sourcecode.swift; path = FirstVC.swift; sourceTree = "<group>"; };
		F4B8E75A2ACEDE1200F89123 /* FirstView.swift */ = {isa = PBXFileReference; lastKnownFileType = sourcecode.swift; path = FirstView.swift; sourceTree = "<group>"; };
		F4B8E75D2ACEE9FE00F89123 /* SecondVC.swift */ = {isa = PBXFileReference; lastKnownFileType = sourcecode.swift; path = SecondVC.swift; sourceTree = "<group>"; };
		F4B8E75F2ACEEA0700F89123 /* SecondView.swift */ = {isa = PBXFileReference; lastKnownFileType = sourcecode.swift; path = SecondView.swift; sourceTree = "<group>"; };
		F4B8E7632ACEEE3300F89123 /* ThirdVC.swift */ = {isa = PBXFileReference; lastKnownFileType = sourcecode.swift; path = ThirdVC.swift; sourceTree = "<group>"; };
		F4B8E7652ACEEE3C00F89123 /* ThirdView.swift */ = {isa = PBXFileReference; lastKnownFileType = sourcecode.swift; path = ThirdView.swift; sourceTree = "<group>"; };
/* End PBXFileReference section */

/* Begin PBXFrameworksBuildPhase section */
		F4B8E7182ACED86900F89123 /* Frameworks */ = {
			isa = PBXFrameworksBuildPhase;
			buildActionMask = 2147483647;
			files = (
				F4B8E7542ACED90100F89123 /* SnapKit in Frameworks */,
			);
			runOnlyForDeploymentPostprocessing = 0;
		};
		F4B8E72E2ACED86C00F89123 /* Frameworks */ = {
			isa = PBXFrameworksBuildPhase;
			buildActionMask = 2147483647;
			files = (
			);
			runOnlyForDeploymentPostprocessing = 0;
		};
		F4B8E7382ACED86C00F89123 /* Frameworks */ = {
			isa = PBXFrameworksBuildPhase;
			buildActionMask = 2147483647;
			files = (
			);
			runOnlyForDeploymentPostprocessing = 0;
		};
/* End PBXFrameworksBuildPhase section */

/* Begin PBXGroup section */
		F4B8E7122ACED86900F89123 = {
			isa = PBXGroup;
			children = (
				F4B8E71D2ACED86900F89123 /* task_6 */,
				F4B8E7342ACED86C00F89123 /* task_6Tests */,
				F4B8E73E2ACED86C00F89123 /* task_6UITests */,
				F4B8E71C2ACED86900F89123 /* Products */,
			);
			sourceTree = "<group>";
		};
		F4B8E71C2ACED86900F89123 /* Products */ = {
			isa = PBXGroup;
			children = (
				F4B8E71B2ACED86900F89123 /* task_6.app */,
				F4B8E7312ACED86C00F89123 /* task_6Tests.xctest */,
				F4B8E73B2ACED86C00F89123 /* task_6UITests.xctest */,
			);
			name = Products;
			sourceTree = "<group>";
		};
		F4B8E71D2ACED86900F89123 /* task_6 */ = {
			isa = PBXGroup;
			children = (
				F4B8E74E2ACED87C00F89123 /* App */,
				F4B8E7502ACED89700F89123 /* Screens */,
				F4B8E7512ACED8A000F89123 /* Resources */,
			);
			path = task_6;
			sourceTree = "<group>";
		};
		F4B8E7342ACED86C00F89123 /* task_6Tests */ = {
			isa = PBXGroup;
			children = (
				F4B8E7352ACED86C00F89123 /* task_6Tests.swift */,
			);
			path = task_6Tests;
			sourceTree = "<group>";
		};
		F4B8E73E2ACED86C00F89123 /* task_6UITests */ = {
			isa = PBXGroup;
			children = (
				F4B8E73F2ACED86C00F89123 /* task_6UITests.swift */,
				F4B8E7412ACED86C00F89123 /* task_6UITestsLaunchTests.swift */,
			);
			path = task_6UITests;
			sourceTree = "<group>";
		};
		F4B8E74E2ACED87C00F89123 /* App */ = {
			isa = PBXGroup;
			children = (
				F4B8E71E2ACED86900F89123 /* AppDelegate.swift */,
				F4B8E7202ACED86900F89123 /* SceneDelegate.swift */,
			);
			path = App;
			sourceTree = "<group>";
		};
		F4B8E7502ACED89700F89123 /* Screens */ = {
			isa = PBXGroup;
			children = (
				F4B8E7572ACEDDFA00F89123 /* MainVC */,
				F4B8E75C2ACEDEBA00F89123 /* FirstVC */,
				F4B8E7612ACEEA8E00F89123 /* SecondVC */,
				F4B8E7622ACEEE2600F89123 /* ThirdVC */,
			);
			path = Screens;
			sourceTree = "<group>";
		};
		F4B8E7512ACED8A000F89123 /* Resources */ = {
			isa = PBXGroup;
			children = (
				F4B8E7242ACED86900F89123 /* Main.storyboard */,
				F4B8E7272ACED86B00F89123 /* Assets.xcassets */,
				F4B8E7292ACED86B00F89123 /* LaunchScreen.storyboard */,
				F4B8E72C2ACED86B00F89123 /* Info.plist */,
			);
			path = Resources;
			sourceTree = "<group>";
		};
		F4B8E7572ACEDDFA00F89123 /* MainVC */ = {
			isa = PBXGroup;
			children = (
				F4B8E7222ACED86900F89123 /* MainVC.swift */,
				F4B8E7552ACED91600F89123 /* MainView.swift */,
			);
			path = MainVC;
			sourceTree = "<group>";
		};
		F4B8E75C2ACEDEBA00F89123 /* FirstVC */ = {
			isa = PBXGroup;
			children = (
				F4B8E7582ACEDE0B00F89123 /* FirstVC.swift */,
				F4B8E75A2ACEDE1200F89123 /* FirstView.swift */,
			);
			path = FirstVC;
			sourceTree = "<group>";
		};
		F4B8E7612ACEEA8E00F89123 /* SecondVC */ = {
			isa = PBXGroup;
			children = (
				F4B8E75D2ACEE9FE00F89123 /* SecondVC.swift */,
				F4B8E75F2ACEEA0700F89123 /* SecondView.swift */,
			);
			path = SecondVC;
			sourceTree = "<group>";
		};
		F4B8E7622ACEEE2600F89123 /* ThirdVC */ = {
			isa = PBXGroup;
			children = (
				F4B8E7632ACEEE3300F89123 /* ThirdVC.swift */,
				F4B8E7652ACEEE3C00F89123 /* ThirdView.swift */,
			);
			path = ThirdVC;
			sourceTree = "<group>";
		};
/* End PBXGroup section */

/* Begin PBXNativeTarget section */
		F4B8E71A2ACED86900F89123 /* task_6 */ = {
			isa = PBXNativeTarget;
			buildConfigurationList = F4B8E7452ACED86C00F89123 /* Build configuration list for PBXNativeTarget "task_6" */;
			buildPhases = (
				F4B8E7172ACED86900F89123 /* Sources */,
				F4B8E7182ACED86900F89123 /* Frameworks */,
				F4B8E7192ACED86900F89123 /* Resources */,
			);
			buildRules = (
			);
			dependencies = (
			);
			name = task_6;
			packageProductDependencies = (
				F4B8E7532ACED90100F89123 /* SnapKit */,
			);
			productName = task_6;
			productReference = F4B8E71B2ACED86900F89123 /* task_6.app */;
			productType = "com.apple.product-type.application";
		};
		F4B8E7302ACED86C00F89123 /* task_6Tests */ = {
			isa = PBXNativeTarget;
			buildConfigurationList = F4B8E7482ACED86C00F89123 /* Build configuration list for PBXNativeTarget "task_6Tests" */;
			buildPhases = (
				F4B8E72D2ACED86C00F89123 /* Sources */,
				F4B8E72E2ACED86C00F89123 /* Frameworks */,
				F4B8E72F2ACED86C00F89123 /* Resources */,
			);
			buildRules = (
			);
			dependencies = (
				F4B8E7332ACED86C00F89123 /* PBXTargetDependency */,
			);
			name = task_6Tests;
			productName = task_6Tests;
			productReference = F4B8E7312ACED86C00F89123 /* task_6Tests.xctest */;
			productType = "com.apple.product-type.bundle.unit-test";
		};
		F4B8E73A2ACED86C00F89123 /* task_6UITests */ = {
			isa = PBXNativeTarget;
			buildConfigurationList = F4B8E74B2ACED86C00F89123 /* Build configuration list for PBXNativeTarget "task_6UITests" */;
			buildPhases = (
				F4B8E7372ACED86C00F89123 /* Sources */,
				F4B8E7382ACED86C00F89123 /* Frameworks */,
				F4B8E7392ACED86C00F89123 /* Resources */,
			);
			buildRules = (
			);
			dependencies = (
				F4B8E73D2ACED86C00F89123 /* PBXTargetDependency */,
			);
			name = task_6UITests;
			productName = task_6UITests;
			productReference = F4B8E73B2ACED86C00F89123 /* task_6UITests.xctest */;
			productType = "com.apple.product-type.bundle.ui-testing";
		};
/* End PBXNativeTarget section */

/* Begin PBXProject section */
		F4B8E7132ACED86900F89123 /* Project object */ = {
			isa = PBXProject;
			attributes = {
				BuildIndependentTargetsInParallel = 1;
				LastSwiftUpdateCheck = 1430;
				LastUpgradeCheck = 1430;
				TargetAttributes = {
					F4B8E71A2ACED86900F89123 = {
						CreatedOnToolsVersion = 14.3.1;
					};
					F4B8E7302ACED86C00F89123 = {
						CreatedOnToolsVersion = 14.3.1;
						TestTargetID = F4B8E71A2ACED86900F89123;
					};
					F4B8E73A2ACED86C00F89123 = {
						CreatedOnToolsVersion = 14.3.1;
						TestTargetID = F4B8E71A2ACED86900F89123;
					};
				};
			};
			buildConfigurationList = F4B8E7162ACED86900F89123 /* Build configuration list for PBXProject "task_6" */;
			compatibilityVersion = "Xcode 14.0";
			developmentRegion = en;
			hasScannedForEncodings = 0;
			knownRegions = (
				en,
				Base,
			);
			mainGroup = F4B8E7122ACED86900F89123;
			packageReferences = (
				F4B8E7522ACED90100F89123 /* XCRemoteSwiftPackageReference "SnapKit" */,
			);
			productRefGroup = F4B8E71C2ACED86900F89123 /* Products */;
			projectDirPath = "";
			projectRoot = "";
			targets = (
				F4B8E71A2ACED86900F89123 /* task_6 */,
				F4B8E7302ACED86C00F89123 /* task_6Tests */,
				F4B8E73A2ACED86C00F89123 /* task_6UITests */,
			);
		};
/* End PBXProject section */

/* Begin PBXResourcesBuildPhase section */
		F4B8E7192ACED86900F89123 /* Resources */ = {
			isa = PBXResourcesBuildPhase;
			buildActionMask = 2147483647;
			files = (
				F4B8E72B2ACED86B00F89123 /* LaunchScreen.storyboard in Resources */,
				F4B8E7282ACED86B00F89123 /* Assets.xcassets in Resources */,
				F4B8E7262ACED86900F89123 /* Main.storyboard in Resources */,
			);
			runOnlyForDeploymentPostprocessing = 0;
		};
		F4B8E72F2ACED86C00F89123 /* Resources */ = {
			isa = PBXResourcesBuildPhase;
			buildActionMask = 2147483647;
			files = (
			);
			runOnlyForDeploymentPostprocessing = 0;
		};
		F4B8E7392ACED86C00F89123 /* Resources */ = {
			isa = PBXResourcesBuildPhase;
			buildActionMask = 2147483647;
			files = (
			);
			runOnlyForDeploymentPostprocessing = 0;
		};
/* End PBXResourcesBuildPhase section */

/* Begin PBXSourcesBuildPhase section */
		F4B8E7172ACED86900F89123 /* Sources */ = {
			isa = PBXSourcesBuildPhase;
			buildActionMask = 2147483647;
			files = (
				F4B8E7642ACEEE3300F89123 /* ThirdVC.swift in Sources */,
				F4B8E7602ACEEA0700F89123 /* SecondView.swift in Sources */,
				F4B8E75B2ACEDE1200F89123 /* FirstView.swift in Sources */,
				F4B8E7232ACED86900F89123 /* MainVC.swift in Sources */,
				F4B8E7592ACEDE0B00F89123 /* FirstVC.swift in Sources */,
				F4B8E75E2ACEE9FE00F89123 /* SecondVC.swift in Sources */,
				F4B8E7662ACEEE3C00F89123 /* ThirdView.swift in Sources */,
				F4B8E7562ACED91600F89123 /* MainView.swift in Sources */,
				F4B8E71F2ACED86900F89123 /* AppDelegate.swift in Sources */,
				F4B8E7212ACED86900F89123 /* SceneDelegate.swift in Sources */,
			);
			runOnlyForDeploymentPostprocessing = 0;
		};
		F4B8E72D2ACED86C00F89123 /* Sources */ = {
			isa = PBXSourcesBuildPhase;
			buildActionMask = 2147483647;
			files = (
				F4B8E7362ACED86C00F89123 /* task_6Tests.swift in Sources */,
			);
			runOnlyForDeploymentPostprocessing = 0;
		};
		F4B8E7372ACED86C00F89123 /* Sources */ = {
			isa = PBXSourcesBuildPhase;
			buildActionMask = 2147483647;
			files = (
				F4B8E7422ACED86C00F89123 /* task_6UITestsLaunchTests.swift in Sources */,
				F4B8E7402ACED86C00F89123 /* task_6UITests.swift in Sources */,
			);
			runOnlyForDeploymentPostprocessing = 0;
		};
/* End PBXSourcesBuildPhase section */

/* Begin PBXTargetDependency section */
		F4B8E7332ACED86C00F89123 /* PBXTargetDependency */ = {
			isa = PBXTargetDependency;
			target = F4B8E71A2ACED86900F89123 /* task_6 */;
			targetProxy = F4B8E7322ACED86C00F89123 /* PBXContainerItemProxy */;
		};
		F4B8E73D2ACED86C00F89123 /* PBXTargetDependency */ = {
			isa = PBXTargetDependency;
			target = F4B8E71A2ACED86900F89123 /* task_6 */;
			targetProxy = F4B8E73C2ACED86C00F89123 /* PBXContainerItemProxy */;
		};
/* End PBXTargetDependency section */

/* Begin PBXVariantGroup section */
		F4B8E7242ACED86900F89123 /* Main.storyboard */ = {
			isa = PBXVariantGroup;
			children = (
				F4B8E7252ACED86900F89123 /* Base */,
			);
			name = Main.storyboard;
			sourceTree = "<group>";
		};
		F4B8E7292ACED86B00F89123 /* LaunchScreen.storyboard */ = {
			isa = PBXVariantGroup;
			children = (
				F4B8E72A2ACED86B00F89123 /* Base */,
			);
			name = LaunchScreen.storyboard;
			sourceTree = "<group>";
		};
/* End PBXVariantGroup section */

/* Begin XCBuildConfiguration section */
		F4B8E7432ACED86C00F89123 /* Debug */ = {
			isa = XCBuildConfiguration;
			buildSettings = {
				ALWAYS_SEARCH_USER_PATHS = NO;
				CLANG_ANALYZER_NONNULL = YES;
				CLANG_ANALYZER_NUMBER_OBJECT_CONVERSION = YES_AGGRESSIVE;
				CLANG_CXX_LANGUAGE_STANDARD = "gnu++20";
				CLANG_ENABLE_MODULES = YES;
				CLANG_ENABLE_OBJC_ARC = YES;
				CLANG_ENABLE_OBJC_WEAK = YES;
				CLANG_WARN_BLOCK_CAPTURE_AUTORELEASING = YES;
				CLANG_WARN_BOOL_CONVERSION = YES;
				CLANG_WARN_COMMA = YES;
				CLANG_WARN_CONSTANT_CONVERSION = YES;
				CLANG_WARN_DEPRECATED_OBJC_IMPLEMENTATIONS = YES;
				CLANG_WARN_DIRECT_OBJC_ISA_USAGE = YES_ERROR;
				CLANG_WARN_DOCUMENTATION_COMMENTS = YES;
				CLANG_WARN_EMPTY_BODY = YES;
				CLANG_WARN_ENUM_CONVERSION = YES;
				CLANG_WARN_INFINITE_RECURSION = YES;
				CLANG_WARN_INT_CONVERSION = YES;
				CLANG_WARN_NON_LITERAL_NULL_CONVERSION = YES;
				CLANG_WARN_OBJC_IMPLICIT_RETAIN_SELF = YES;
				CLANG_WARN_OBJC_LITERAL_CONVERSION = YES;
				CLANG_WARN_OBJC_ROOT_CLASS = YES_ERROR;
				CLANG_WARN_QUOTED_INCLUDE_IN_FRAMEWORK_HEADER = YES;
				CLANG_WARN_RANGE_LOOP_ANALYSIS = YES;
				CLANG_WARN_STRICT_PROTOTYPES = YES;
				CLANG_WARN_SUSPICIOUS_MOVE = YES;
				CLANG_WARN_UNGUARDED_AVAILABILITY = YES_AGGRESSIVE;
				CLANG_WARN_UNREACHABLE_CODE = YES;
				CLANG_WARN__DUPLICATE_METHOD_MATCH = YES;
				COPY_PHASE_STRIP = NO;
				DEBUG_INFORMATION_FORMAT = dwarf;
				ENABLE_STRICT_OBJC_MSGSEND = YES;
				ENABLE_TESTABILITY = YES;
				GCC_C_LANGUAGE_STANDARD = gnu11;
				GCC_DYNAMIC_NO_PIC = NO;
				GCC_NO_COMMON_BLOCKS = YES;
				GCC_OPTIMIZATION_LEVEL = 0;
				GCC_PREPROCESSOR_DEFINITIONS = (
					"DEBUG=1",
					"$(inherited)",
				);
				GCC_WARN_64_TO_32_BIT_CONVERSION = YES;
				GCC_WARN_ABOUT_RETURN_TYPE = YES_ERROR;
				GCC_WARN_UNDECLARED_SELECTOR = YES;
				GCC_WARN_UNINITIALIZED_AUTOS = YES_AGGRESSIVE;
				GCC_WARN_UNUSED_FUNCTION = YES;
				GCC_WARN_UNUSED_VARIABLE = YES;
				IPHONEOS_DEPLOYMENT_TARGET = 16.4;
				MTL_ENABLE_DEBUG_INFO = INCLUDE_SOURCE;
				MTL_FAST_MATH = YES;
				ONLY_ACTIVE_ARCH = YES;
				SDKROOT = iphoneos;
				SWIFT_ACTIVE_COMPILATION_CONDITIONS = DEBUG;
				SWIFT_OPTIMIZATION_LEVEL = "-Onone";
			};
			name = Debug;
		};
		F4B8E7442ACED86C00F89123 /* Release */ = {
			isa = XCBuildConfiguration;
			buildSettings = {
				ALWAYS_SEARCH_USER_PATHS = NO;
				CLANG_ANALYZER_NONNULL = YES;
				CLANG_ANALYZER_NUMBER_OBJECT_CONVERSION = YES_AGGRESSIVE;
				CLANG_CXX_LANGUAGE_STANDARD = "gnu++20";
				CLANG_ENABLE_MODULES = YES;
				CLANG_ENABLE_OBJC_ARC = YES;
				CLANG_ENABLE_OBJC_WEAK = YES;
				CLANG_WARN_BLOCK_CAPTURE_AUTORELEASING = YES;
				CLANG_WARN_BOOL_CONVERSION = YES;
				CLANG_WARN_COMMA = YES;
				CLANG_WARN_CONSTANT_CONVERSION = YES;
				CLANG_WARN_DEPRECATED_OBJC_IMPLEMENTATIONS = YES;
				CLANG_WARN_DIRECT_OBJC_ISA_USAGE = YES_ERROR;
				CLANG_WARN_DOCUMENTATION_COMMENTS = YES;
				CLANG_WARN_EMPTY_BODY = YES;
				CLANG_WARN_ENUM_CONVERSION = YES;
				CLANG_WARN_INFINITE_RECURSION = YES;
				CLANG_WARN_INT_CONVERSION = YES;
				CLANG_WARN_NON_LITERAL_NULL_CONVERSION = YES;
				CLANG_WARN_OBJC_IMPLICIT_RETAIN_SELF = YES;
				CLANG_WARN_OBJC_LITERAL_CONVERSION = YES;
				CLANG_WARN_OBJC_ROOT_CLASS = YES_ERROR;
				CLANG_WARN_QUOTED_INCLUDE_IN_FRAMEWORK_HEADER = YES;
				CLANG_WARN_RANGE_LOOP_ANALYSIS = YES;
				CLANG_WARN_STRICT_PROTOTYPES = YES;
				CLANG_WARN_SUSPICIOUS_MOVE = YES;
				CLANG_WARN_UNGUARDED_AVAILABILITY = YES_AGGRESSIVE;
				CLANG_WARN_UNREACHABLE_CODE = YES;
				CLANG_WARN__DUPLICATE_METHOD_MATCH = YES;
				COPY_PHASE_STRIP = NO;
				DEBUG_INFORMATION_FORMAT = "dwarf-with-dsym";
				ENABLE_NS_ASSERTIONS = NO;
				ENABLE_STRICT_OBJC_MSGSEND = YES;
				GCC_C_LANGUAGE_STANDARD = gnu11;
				GCC_NO_COMMON_BLOCKS = YES;
				GCC_WARN_64_TO_32_BIT_CONVERSION = YES;
				GCC_WARN_ABOUT_RETURN_TYPE = YES_ERROR;
				GCC_WARN_UNDECLARED_SELECTOR = YES;
				GCC_WARN_UNINITIALIZED_AUTOS = YES_AGGRESSIVE;
				GCC_WARN_UNUSED_FUNCTION = YES;
				GCC_WARN_UNUSED_VARIABLE = YES;
				IPHONEOS_DEPLOYMENT_TARGET = 16.4;
				MTL_ENABLE_DEBUG_INFO = NO;
				MTL_FAST_MATH = YES;
				SDKROOT = iphoneos;
				SWIFT_COMPILATION_MODE = wholemodule;
				SWIFT_OPTIMIZATION_LEVEL = "-O";
				VALIDATE_PRODUCT = YES;
			};
			name = Release;
		};
		F4B8E7462ACED86C00F89123 /* Debug */ = {
			isa = XCBuildConfiguration;
			buildSettings = {
				ASSETCATALOG_COMPILER_APPICON_NAME = AppIcon;
				ASSETCATALOG_COMPILER_GLOBAL_ACCENT_COLOR_NAME = AccentColor;
				CODE_SIGN_STYLE = Automatic;
				CURRENT_PROJECT_VERSION = 1;
				GENERATE_INFOPLIST_FILE = YES;
				INFOPLIST_FILE = task_6/Resources/Info.plist;
				INFOPLIST_KEY_UIApplicationSupportsIndirectInputEvents = YES;
				INFOPLIST_KEY_UILaunchStoryboardName = LaunchScreen;
				INFOPLIST_KEY_UIMainStoryboardFile = Main;
				INFOPLIST_KEY_UISupportedInterfaceOrientations_iPad = "UIInterfaceOrientationPortrait UIInterfaceOrientationPortraitUpsideDown UIInterfaceOrientationLandscapeLeft UIInterfaceOrientationLandscapeRight";
				INFOPLIST_KEY_UISupportedInterfaceOrientations_iPhone = "UIInterfaceOrientationPortrait UIInterfaceOrientationLandscapeLeft UIInterfaceOrientationLandscapeRight";
				LD_RUNPATH_SEARCH_PATHS = (
					"$(inherited)",
					"@executable_path/Frameworks",
				);
				MARKETING_VERSION = 1.0;
				PRODUCT_BUNDLE_IDENTIFIER = "-23.task-6";
				PRODUCT_NAME = "$(TARGET_NAME)";
				SWIFT_EMIT_LOC_STRINGS = YES;
				SWIFT_VERSION = 5.0;
				TARGETED_DEVICE_FAMILY = "1,2";
			};
			name = Debug;
		};
		F4B8E7472ACED86C00F89123 /* Release */ = {
			isa = XCBuildConfiguration;
			buildSettings = {
				ASSETCATALOG_COMPILER_APPICON_NAME = AppIcon;
				ASSETCATALOG_COMPILER_GLOBAL_ACCENT_COLOR_NAME = AccentColor;
				CODE_SIGN_STYLE = Automatic;
				CURRENT_PROJECT_VERSION = 1;
				GENERATE_INFOPLIST_FILE = YES;
				INFOPLIST_FILE = task_6/Resources/Info.plist;
				INFOPLIST_KEY_UIApplicationSupportsIndirectInputEvents = YES;
				INFOPLIST_KEY_UILaunchStoryboardName = LaunchScreen;
				INFOPLIST_KEY_UIMainStoryboardFile = Main;
				INFOPLIST_KEY_UISupportedInterfaceOrientations_iPad = "UIInterfaceOrientationPortrait UIInterfaceOrientationPortraitUpsideDown UIInterfaceOrientationLandscapeLeft UIInterfaceOrientationLandscapeRight";
				INFOPLIST_KEY_UISupportedInterfaceOrientations_iPhone = "UIInterfaceOrientationPortrait UIInterfaceOrientationLandscapeLeft UIInterfaceOrientationLandscapeRight";
				LD_RUNPATH_SEARCH_PATHS = (
					"$(inherited)",
					"@executable_path/Frameworks",
				);
				MARKETING_VERSION = 1.0;
				PRODUCT_BUNDLE_IDENTIFIER = "-23.task-6";
				PRODUCT_NAME = "$(TARGET_NAME)";
				SWIFT_EMIT_LOC_STRINGS = YES;
				SWIFT_VERSION = 5.0;
				TARGETED_DEVICE_FAMILY = "1,2";
			};
			name = Release;
		};
		F4B8E7492ACED86C00F89123 /* Debug */ = {
			isa = XCBuildConfiguration;
			buildSettings = {
				ALWAYS_EMBED_SWIFT_STANDARD_LIBRARIES = YES;
				BUNDLE_LOADER = "$(TEST_HOST)";
				CODE_SIGN_STYLE = Automatic;
				CURRENT_PROJECT_VERSION = 1;
				GENERATE_INFOPLIST_FILE = YES;
				IPHONEOS_DEPLOYMENT_TARGET = 16.4;
				MARKETING_VERSION = 1.0;
				PRODUCT_BUNDLE_IDENTIFIER = "-23.task-6Tests";
				PRODUCT_NAME = "$(TARGET_NAME)";
				SWIFT_EMIT_LOC_STRINGS = NO;
				SWIFT_VERSION = 5.0;
				TARGETED_DEVICE_FAMILY = "1,2";
				TEST_HOST = "$(BUILT_PRODUCTS_DIR)/task_6.app/$(BUNDLE_EXECUTABLE_FOLDER_PATH)/task_6";
			};
			name = Debug;
		};
		F4B8E74A2ACED86C00F89123 /* Release */ = {
			isa = XCBuildConfiguration;
			buildSettings = {
				ALWAYS_EMBED_SWIFT_STANDARD_LIBRARIES = YES;
				BUNDLE_LOADER = "$(TEST_HOST)";
				CODE_SIGN_STYLE = Automatic;
				CURRENT_PROJECT_VERSION = 1;
				GENERATE_INFOPLIST_FILE = YES;
				IPHONEOS_DEPLOYMENT_TARGET = 16.4;
				MARKETING_VERSION = 1.0;
				PRODUCT_BUNDLE_IDENTIFIER = "-23.task-6Tests";
				PRODUCT_NAME = "$(TARGET_NAME)";
				SWIFT_EMIT_LOC_STRINGS = NO;
				SWIFT_VERSION = 5.0;
				TARGETED_DEVICE_FAMILY = "1,2";
				TEST_HOST = "$(BUILT_PRODUCTS_DIR)/task_6.app/$(BUNDLE_EXECUTABLE_FOLDER_PATH)/task_6";
			};
			name = Release;
		};
		F4B8E74C2ACED86C00F89123 /* Debug */ = {
			isa = XCBuildConfiguration;
			buildSettings = {
				ALWAYS_EMBED_SWIFT_STANDARD_LIBRARIES = YES;
				CODE_SIGN_STYLE = Automatic;
				CURRENT_PROJECT_VERSION = 1;
				GENERATE_INFOPLIST_FILE = YES;
				MARKETING_VERSION = 1.0;
				PRODUCT_BUNDLE_IDENTIFIER = "-23.task-6UITests";
				PRODUCT_NAME = "$(TARGET_NAME)";
				SWIFT_EMIT_LOC_STRINGS = NO;
				SWIFT_VERSION = 5.0;
				TARGETED_DEVICE_FAMILY = "1,2";
				TEST_TARGET_NAME = task_6;
			};
			name = Debug;
		};
		F4B8E74D2ACED86C00F89123 /* Release */ = {
			isa = XCBuildConfiguration;
			buildSettings = {
				ALWAYS_EMBED_SWIFT_STANDARD_LIBRARIES = YES;
				CODE_SIGN_STYLE = Automatic;
				CURRENT_PROJECT_VERSION = 1;
				GENERATE_INFOPLIST_FILE = YES;
				MARKETING_VERSION = 1.0;
				PRODUCT_BUNDLE_IDENTIFIER = "-23.task-6UITests";
				PRODUCT_NAME = "$(TARGET_NAME)";
				SWIFT_EMIT_LOC_STRINGS = NO;
				SWIFT_VERSION = 5.0;
				TARGETED_DEVICE_FAMILY = "1,2";
				TEST_TARGET_NAME = task_6;
			};
			name = Release;
		};
/* End XCBuildConfiguration section */

/* Begin XCConfigurationList section */
		F4B8E7162ACED86900F89123 /* Build configuration list for PBXProject "task_6" */ = {
			isa = XCConfigurationList;
			buildConfigurations = (
				F4B8E7432ACED86C00F89123 /* Debug */,
				F4B8E7442ACED86C00F89123 /* Release */,
			);
			defaultConfigurationIsVisible = 0;
			defaultConfigurationName = Release;
		};
		F4B8E7452ACED86C00F89123 /* Build configuration list for PBXNativeTarget "task_6" */ = {
			isa = XCConfigurationList;
			buildConfigurations = (
				F4B8E7462ACED86C00F89123 /* Debug */,
				F4B8E7472ACED86C00F89123 /* Release */,
			);
			defaultConfigurationIsVisible = 0;
			defaultConfigurationName = Release;
		};
		F4B8E7482ACED86C00F89123 /* Build configuration list for PBXNativeTarget "task_6Tests" */ = {
			isa = XCConfigurationList;
			buildConfigurations = (
				F4B8E7492ACED86C00F89123 /* Debug */,
				F4B8E74A2ACED86C00F89123 /* Release */,
			);
			defaultConfigurationIsVisible = 0;
			defaultConfigurationName = Release;
		};
		F4B8E74B2ACED86C00F89123 /* Build configuration list for PBXNativeTarget "task_6UITests" */ = {
			isa = XCConfigurationList;
			buildConfigurations = (
				F4B8E74C2ACED86C00F89123 /* Debug */,
				F4B8E74D2ACED86C00F89123 /* Release */,
			);
			defaultConfigurationIsVisible = 0;
			defaultConfigurationName = Release;
		};
/* End XCConfigurationList section */

/* Begin XCRemoteSwiftPackageReference section */
		F4B8E7522ACED90100F89123 /* XCRemoteSwiftPackageReference "SnapKit" */ = {
			isa = XCRemoteSwiftPackageReference;
			repositoryURL = "https://github.com/SnapKit/SnapKit.git";
			requirement = {
				kind = upToNextMinorVersion;
				minimumVersion = 5.6.0;
			};
		};
/* End XCRemoteSwiftPackageReference section */

/* Begin XCSwiftPackageProductDependency section */
		F4B8E7532ACED90100F89123 /* SnapKit */ = {
			isa = XCSwiftPackageProductDependency;
			package = F4B8E7522ACED90100F89123 /* XCRemoteSwiftPackageReference "SnapKit" */;
			productName = SnapKit;
		};
/* End XCSwiftPackageProductDependency section */
	};
	rootObject = F4B8E7132ACED86900F89123 /* Project object */;
}
