// !$*UTF8*$!
{
	archiveVersion = 1;
	classes = {
	};
	objectVersion = 56;
	objects = {

/* Begin PBXBuildFile section */
		946DFB642AD4210A00F5C2F3 /* MainVC.swift in Sources */ = {isa = PBXBuildFile; fileRef = 946DFB632AD4210A00F5C2F3 /* MainVC.swift */; };
		946DFB662AD4211100F5C2F3 /* MainView.swift in Sources */ = {isa = PBXBuildFile; fileRef = 946DFB652AD4211100F5C2F3 /* MainView.swift */; };
		946DFB692AD421BA00F5C2F3 /* SnapKit in Frameworks */ = {isa = PBXBuildFile; productRef = 946DFB682AD421BA00F5C2F3 /* SnapKit */; };
		F4B8E7742ACEFFED00F89123 /* AppDelegate.swift in Sources */ = {isa = PBXBuildFile; fileRef = F4B8E7732ACEFFED00F89123 /* AppDelegate.swift */; };
		F4B8E7762ACEFFED00F89123 /* SceneDelegate.swift in Sources */ = {isa = PBXBuildFile; fileRef = F4B8E7752ACEFFED00F89123 /* SceneDelegate.swift */; };
		F4B8E77B2ACEFFED00F89123 /* Main.storyboard in Resources */ = {isa = PBXBuildFile; fileRef = F4B8E7792ACEFFED00F89123 /* Main.storyboard */; };
		F4B8E77D2ACEFFEF00F89123 /* Assets.xcassets in Resources */ = {isa = PBXBuildFile; fileRef = F4B8E77C2ACEFFEF00F89123 /* Assets.xcassets */; };
		F4B8E7802ACEFFEF00F89123 /* LaunchScreen.storyboard in Resources */ = {isa = PBXBuildFile; fileRef = F4B8E77E2ACEFFEF00F89123 /* LaunchScreen.storyboard */; };
		F4B8E78B2ACEFFEF00F89123 /* task_7Tests.swift in Sources */ = {isa = PBXBuildFile; fileRef = F4B8E78A2ACEFFEF00F89123 /* task_7Tests.swift */; };
		F4B8E7952ACEFFEF00F89123 /* task_7UITests.swift in Sources */ = {isa = PBXBuildFile; fileRef = F4B8E7942ACEFFEF00F89123 /* task_7UITests.swift */; };
		F4B8E7972ACEFFEF00F89123 /* task_7UITestsLaunchTests.swift in Sources */ = {isa = PBXBuildFile; fileRef = F4B8E7962ACEFFEF00F89123 /* task_7UITestsLaunchTests.swift */; };
/* End PBXBuildFile section */

/* Begin PBXContainerItemProxy section */
		F4B8E7872ACEFFEF00F89123 /* PBXContainerItemProxy */ = {
			isa = PBXContainerItemProxy;
			containerPortal = F4B8E7682ACEFFED00F89123 /* Project object */;
			proxyType = 1;
			remoteGlobalIDString = F4B8E76F2ACEFFED00F89123;
			remoteInfo = task_7;
		};
		F4B8E7912ACEFFEF00F89123 /* PBXContainerItemProxy */ = {
			isa = PBXContainerItemProxy;
			containerPortal = F4B8E7682ACEFFED00F89123 /* Project object */;
			proxyType = 1;
			remoteGlobalIDString = F4B8E76F2ACEFFED00F89123;
			remoteInfo = task_7;
		};
/* End PBXContainerItemProxy section */

/* Begin PBXFileReference section */
		946DFB632AD4210A00F5C2F3 /* MainVC.swift */ = {isa = PBXFileReference; lastKnownFileType = sourcecode.swift; path = MainVC.swift; sourceTree = "<group>"; };
		946DFB652AD4211100F5C2F3 /* MainView.swift */ = {isa = PBXFileReference; lastKnownFileType = sourcecode.swift; path = MainView.swift; sourceTree = "<group>"; };
		F4B8E7702ACEFFED00F89123 /* task_7.app */ = {isa = PBXFileReference; explicitFileType = wrapper.application; includeInIndex = 0; path = task_7.app; sourceTree = BUILT_PRODUCTS_DIR; };
		F4B8E7732ACEFFED00F89123 /* AppDelegate.swift */ = {isa = PBXFileReference; lastKnownFileType = sourcecode.swift; path = AppDelegate.swift; sourceTree = "<group>"; };
		F4B8E7752ACEFFED00F89123 /* SceneDelegate.swift */ = {isa = PBXFileReference; lastKnownFileType = sourcecode.swift; path = SceneDelegate.swift; sourceTree = "<group>"; };
		F4B8E77A2ACEFFED00F89123 /* Base */ = {isa = PBXFileReference; lastKnownFileType = file.storyboard; name = Base; path = Base.lproj/Main.storyboard; sourceTree = "<group>"; };
		F4B8E77C2ACEFFEF00F89123 /* Assets.xcassets */ = {isa = PBXFileReference; lastKnownFileType = folder.assetcatalog; path = Assets.xcassets; sourceTree = "<group>"; };
		F4B8E77F2ACEFFEF00F89123 /* Base */ = {isa = PBXFileReference; lastKnownFileType = file.storyboard; name = Base; path = Base.lproj/LaunchScreen.storyboard; sourceTree = "<group>"; };
		F4B8E7812ACEFFEF00F89123 /* Info.plist */ = {isa = PBXFileReference; lastKnownFileType = text.plist.xml; path = Info.plist; sourceTree = "<group>"; };
		F4B8E7862ACEFFEF00F89123 /* task_7Tests.xctest */ = {isa = PBXFileReference; explicitFileType = wrapper.cfbundle; includeInIndex = 0; path = task_7Tests.xctest; sourceTree = BUILT_PRODUCTS_DIR; };
		F4B8E78A2ACEFFEF00F89123 /* task_7Tests.swift */ = {isa = PBXFileReference; lastKnownFileType = sourcecode.swift; path = task_7Tests.swift; sourceTree = "<group>"; };
		F4B8E7902ACEFFEF00F89123 /* task_7UITests.xctest */ = {isa = PBXFileReference; explicitFileType = wrapper.cfbundle; includeInIndex = 0; path = task_7UITests.xctest; sourceTree = BUILT_PRODUCTS_DIR; };
		F4B8E7942ACEFFEF00F89123 /* task_7UITests.swift */ = {isa = PBXFileReference; lastKnownFileType = sourcecode.swift; path = task_7UITests.swift; sourceTree = "<group>"; };
		F4B8E7962ACEFFEF00F89123 /* task_7UITestsLaunchTests.swift */ = {isa = PBXFileReference; lastKnownFileType = sourcecode.swift; path = task_7UITestsLaunchTests.swift; sourceTree = "<group>"; };
/* End PBXFileReference section */

/* Begin PBXFrameworksBuildPhase section */
		F4B8E76D2ACEFFED00F89123 /* Frameworks */ = {
			isa = PBXFrameworksBuildPhase;
			buildActionMask = 2147483647;
			files = (
				946DFB692AD421BA00F5C2F3 /* SnapKit in Frameworks */,
			);
			runOnlyForDeploymentPostprocessing = 0;
		};
		F4B8E7832ACEFFEF00F89123 /* Frameworks */ = {
			isa = PBXFrameworksBuildPhase;
			buildActionMask = 2147483647;
			files = (
			);
			runOnlyForDeploymentPostprocessing = 0;
		};
		F4B8E78D2ACEFFEF00F89123 /* Frameworks */ = {
			isa = PBXFrameworksBuildPhase;
			buildActionMask = 2147483647;
			files = (
			);
			runOnlyForDeploymentPostprocessing = 0;
		};
/* End PBXFrameworksBuildPhase section */

/* Begin PBXGroup section */
		946DFB602AD420C300F5C2F3 /* App */ = {
			isa = PBXGroup;
			children = (
				F4B8E7732ACEFFED00F89123 /* AppDelegate.swift */,
				F4B8E7752ACEFFED00F89123 /* SceneDelegate.swift */,
			);
			path = App;
			sourceTree = "<group>";
		};
		946DFB612AD420D000F5C2F3 /* Resources */ = {
			isa = PBXGroup;
			children = (
				F4B8E7792ACEFFED00F89123 /* Main.storyboard */,
				F4B8E77C2ACEFFEF00F89123 /* Assets.xcassets */,
				F4B8E77E2ACEFFEF00F89123 /* LaunchScreen.storyboard */,
				F4B8E7812ACEFFEF00F89123 /* Info.plist */,
			);
			path = Resources;
			sourceTree = "<group>";
		};
		946DFB622AD420D800F5C2F3 /* Screen */ = {
			isa = PBXGroup;
			children = (
				946DFB632AD4210A00F5C2F3 /* MainVC.swift */,
				946DFB652AD4211100F5C2F3 /* MainView.swift */,
			);
			path = Screen;
			sourceTree = "<group>";
		};
		F4B8E7672ACEFFED00F89123 = {
			isa = PBXGroup;
			children = (
				F4B8E7722ACEFFED00F89123 /* task_7 */,
				F4B8E7892ACEFFEF00F89123 /* task_7Tests */,
				F4B8E7932ACEFFEF00F89123 /* task_7UITests */,
				F4B8E7712ACEFFED00F89123 /* Products */,
			);
			sourceTree = "<group>";
		};
		F4B8E7712ACEFFED00F89123 /* Products */ = {
			isa = PBXGroup;
			children = (
				F4B8E7702ACEFFED00F89123 /* task_7.app */,
				F4B8E7862ACEFFEF00F89123 /* task_7Tests.xctest */,
				F4B8E7902ACEFFEF00F89123 /* task_7UITests.xctest */,
			);
			name = Products;
			sourceTree = "<group>";
		};
		F4B8E7722ACEFFED00F89123 /* task_7 */ = {
			isa = PBXGroup;
			children = (
				946DFB602AD420C300F5C2F3 /* App */,
				946DFB622AD420D800F5C2F3 /* Screen */,
				946DFB612AD420D000F5C2F3 /* Resources */,
			);
			path = task_7;
			sourceTree = "<group>";
		};
		F4B8E7892ACEFFEF00F89123 /* task_7Tests */ = {
			isa = PBXGroup;
			children = (
				F4B8E78A2ACEFFEF00F89123 /* task_7Tests.swift */,
			);
			path = task_7Tests;
			sourceTree = "<group>";
		};
		F4B8E7932ACEFFEF00F89123 /* task_7UITests */ = {
			isa = PBXGroup;
			children = (
				F4B8E7942ACEFFEF00F89123 /* task_7UITests.swift */,
				F4B8E7962ACEFFEF00F89123 /* task_7UITestsLaunchTests.swift */,
			);
			path = task_7UITests;
			sourceTree = "<group>";
		};
/* End PBXGroup section */

/* Begin PBXNativeTarget section */
		F4B8E76F2ACEFFED00F89123 /* task_7 */ = {
			isa = PBXNativeTarget;
			buildConfigurationList = F4B8E79A2ACEFFEF00F89123 /* Build configuration list for PBXNativeTarget "task_7" */;
			buildPhases = (
				F4B8E76C2ACEFFED00F89123 /* Sources */,
				F4B8E76D2ACEFFED00F89123 /* Frameworks */,
				F4B8E76E2ACEFFED00F89123 /* Resources */,
			);
			buildRules = (
			);
			dependencies = (
			);
			name = task_7;
			packageProductDependencies = (
				946DFB682AD421BA00F5C2F3 /* SnapKit */,
			);
			productName = task_7;
			productReference = F4B8E7702ACEFFED00F89123 /* task_7.app */;
			productType = "com.apple.product-type.application";
		};
		F4B8E7852ACEFFEF00F89123 /* task_7Tests */ = {
			isa = PBXNativeTarget;
			buildConfigurationList = F4B8E79D2ACEFFEF00F89123 /* Build configuration list for PBXNativeTarget "task_7Tests" */;
			buildPhases = (
				F4B8E7822ACEFFEF00F89123 /* Sources */,
				F4B8E7832ACEFFEF00F89123 /* Frameworks */,
				F4B8E7842ACEFFEF00F89123 /* Resources */,
			);
			buildRules = (
			);
			dependencies = (
				F4B8E7882ACEFFEF00F89123 /* PBXTargetDependency */,
			);
			name = task_7Tests;
			productName = task_7Tests;
			productReference = F4B8E7862ACEFFEF00F89123 /* task_7Tests.xctest */;
			productType = "com.apple.product-type.bundle.unit-test";
		};
		F4B8E78F2ACEFFEF00F89123 /* task_7UITests */ = {
			isa = PBXNativeTarget;
			buildConfigurationList = F4B8E7A02ACEFFEF00F89123 /* Build configuration list for PBXNativeTarget "task_7UITests" */;
			buildPhases = (
				F4B8E78C2ACEFFEF00F89123 /* Sources */,
				F4B8E78D2ACEFFEF00F89123 /* Frameworks */,
				F4B8E78E2ACEFFEF00F89123 /* Resources */,
			);
			buildRules = (
			);
			dependencies = (
				F4B8E7922ACEFFEF00F89123 /* PBXTargetDependency */,
			);
			name = task_7UITests;
			productName = task_7UITests;
			productReference = F4B8E7902ACEFFEF00F89123 /* task_7UITests.xctest */;
			productType = "com.apple.product-type.bundle.ui-testing";
		};
/* End PBXNativeTarget section */

/* Begin PBXProject section */
		F4B8E7682ACEFFED00F89123 /* Project object */ = {
			isa = PBXProject;
			attributes = {
				BuildIndependentTargetsInParallel = 1;
				LastSwiftUpdateCheck = 1430;
				LastUpgradeCheck = 1430;
				TargetAttributes = {
					F4B8E76F2ACEFFED00F89123 = {
						CreatedOnToolsVersion = 14.3.1;
					};
					F4B8E7852ACEFFEF00F89123 = {
						CreatedOnToolsVersion = 14.3.1;
						TestTargetID = F4B8E76F2ACEFFED00F89123;
					};
					F4B8E78F2ACEFFEF00F89123 = {
						CreatedOnToolsVersion = 14.3.1;
						TestTargetID = F4B8E76F2ACEFFED00F89123;
					};
				};
			};
			buildConfigurationList = F4B8E76B2ACEFFED00F89123 /* Build configuration list for PBXProject "task_7" */;
			compatibilityVersion = "Xcode 14.0";
			developmentRegion = en;
			hasScannedForEncodings = 0;
			knownRegions = (
				en,
				Base,
			);
			mainGroup = F4B8E7672ACEFFED00F89123;
			packageReferences = (
				946DFB672AD4213400F5C2F3 /* XCRemoteSwiftPackageReference "SnapKit" */,
			);
			productRefGroup = F4B8E7712ACEFFED00F89123 /* Products */;
			projectDirPath = "";
			projectRoot = "";
			targets = (
				F4B8E76F2ACEFFED00F89123 /* task_7 */,
				F4B8E7852ACEFFEF00F89123 /* task_7Tests */,
				F4B8E78F2ACEFFEF00F89123 /* task_7UITests */,
			);
		};
/* End PBXProject section */

/* Begin PBXResourcesBuildPhase section */
		F4B8E76E2ACEFFED00F89123 /* Resources */ = {
			isa = PBXResourcesBuildPhase;
			buildActionMask = 2147483647;
			files = (
				F4B8E7802ACEFFEF00F89123 /* LaunchScreen.storyboard in Resources */,
				F4B8E77D2ACEFFEF00F89123 /* Assets.xcassets in Resources */,
				F4B8E77B2ACEFFED00F89123 /* Main.storyboard in Resources */,
			);
			runOnlyForDeploymentPostprocessing = 0;
		};
		F4B8E7842ACEFFEF00F89123 /* Resources */ = {
			isa = PBXResourcesBuildPhase;
			buildActionMask = 2147483647;
			files = (
			);
			runOnlyForDeploymentPostprocessing = 0;
		};
		F4B8E78E2ACEFFEF00F89123 /* Resources */ = {
			isa = PBXResourcesBuildPhase;
			buildActionMask = 2147483647;
			files = (
			);
			runOnlyForDeploymentPostprocessing = 0;
		};
/* End PBXResourcesBuildPhase section */

/* Begin PBXSourcesBuildPhase section */
		F4B8E76C2ACEFFED00F89123 /* Sources */ = {
			isa = PBXSourcesBuildPhase;
			buildActionMask = 2147483647;
			files = (
				946DFB642AD4210A00F5C2F3 /* MainVC.swift in Sources */,
				F4B8E7742ACEFFED00F89123 /* AppDelegate.swift in Sources */,
				946DFB662AD4211100F5C2F3 /* MainView.swift in Sources */,
				F4B8E7762ACEFFED00F89123 /* SceneDelegate.swift in Sources */,
			);
			runOnlyForDeploymentPostprocessing = 0;
		};
		F4B8E7822ACEFFEF00F89123 /* Sources */ = {
			isa = PBXSourcesBuildPhase;
			buildActionMask = 2147483647;
			files = (
				F4B8E78B2ACEFFEF00F89123 /* task_7Tests.swift in Sources */,
			);
			runOnlyForDeploymentPostprocessing = 0;
		};
		F4B8E78C2ACEFFEF00F89123 /* Sources */ = {
			isa = PBXSourcesBuildPhase;
			buildActionMask = 2147483647;
			files = (
				F4B8E7952ACEFFEF00F89123 /* task_7UITests.swift in Sources */,
				F4B8E7972ACEFFEF00F89123 /* task_7UITestsLaunchTests.swift in Sources */,
			);
			runOnlyForDeploymentPostprocessing = 0;
		};
/* End PBXSourcesBuildPhase section */

/* Begin PBXTargetDependency section */
		F4B8E7882ACEFFEF00F89123 /* PBXTargetDependency */ = {
			isa = PBXTargetDependency;
			target = F4B8E76F2ACEFFED00F89123 /* task_7 */;
			targetProxy = F4B8E7872ACEFFEF00F89123 /* PBXContainerItemProxy */;
		};
		F4B8E7922ACEFFEF00F89123 /* PBXTargetDependency */ = {
			isa = PBXTargetDependency;
			target = F4B8E76F2ACEFFED00F89123 /* task_7 */;
			targetProxy = F4B8E7912ACEFFEF00F89123 /* PBXContainerItemProxy */;
		};
/* End PBXTargetDependency section */

/* Begin PBXVariantGroup section */
		F4B8E7792ACEFFED00F89123 /* Main.storyboard */ = {
			isa = PBXVariantGroup;
			children = (
				F4B8E77A2ACEFFED00F89123 /* Base */,
			);
			name = Main.storyboard;
			sourceTree = "<group>";
		};
		F4B8E77E2ACEFFEF00F89123 /* LaunchScreen.storyboard */ = {
			isa = PBXVariantGroup;
			children = (
				F4B8E77F2ACEFFEF00F89123 /* Base */,
			);
			name = LaunchScreen.storyboard;
			sourceTree = "<group>";
		};
/* End PBXVariantGroup section */

/* Begin XCBuildConfiguration section */
		F4B8E7982ACEFFEF00F89123 /* Debug */ = {
			isa = XCBuildConfiguration;
			buildSettings = {
				ALWAYS_SEARCH_USER_PATHS = NO;
				CLANG_ANALYZER_NONNULL = YES;
				CLANG_ANALYZER_NUMBER_OBJECT_CONVERSION = YES_AGGRESSIVE;
				CLANG_CXX_LANGUAGE_STANDARD = "gnu++20";
				CLANG_ENABLE_MODULES = YES;
				CLANG_ENABLE_OBJC_ARC = YES;
				CLANG_ENABLE_OBJC_WEAK = YES;
				CLANG_WARN_BLOCK_CAPTURE_AUTORELEASING = YES;
				CLANG_WARN_BOOL_CONVERSION = YES;
				CLANG_WARN_COMMA = YES;
				CLANG_WARN_CONSTANT_CONVERSION = YES;
				CLANG_WARN_DEPRECATED_OBJC_IMPLEMENTATIONS = YES;
				CLANG_WARN_DIRECT_OBJC_ISA_USAGE = YES_ERROR;
				CLANG_WARN_DOCUMENTATION_COMMENTS = YES;
				CLANG_WARN_EMPTY_BODY = YES;
				CLANG_WARN_ENUM_CONVERSION = YES;
				CLANG_WARN_INFINITE_RECURSION = YES;
				CLANG_WARN_INT_CONVERSION = YES;
				CLANG_WARN_NON_LITERAL_NULL_CONVERSION = YES;
				CLANG_WARN_OBJC_IMPLICIT_RETAIN_SELF = YES;
				CLANG_WARN_OBJC_LITERAL_CONVERSION = YES;
				CLANG_WARN_OBJC_ROOT_CLASS = YES_ERROR;
				CLANG_WARN_QUOTED_INCLUDE_IN_FRAMEWORK_HEADER = YES;
				CLANG_WARN_RANGE_LOOP_ANALYSIS = YES;
				CLANG_WARN_STRICT_PROTOTYPES = YES;
				CLANG_WARN_SUSPICIOUS_MOVE = YES;
				CLANG_WARN_UNGUARDED_AVAILABILITY = YES_AGGRESSIVE;
				CLANG_WARN_UNREACHABLE_CODE = YES;
				CLANG_WARN__DUPLICATE_METHOD_MATCH = YES;
				COPY_PHASE_STRIP = NO;
				DEBUG_INFORMATION_FORMAT = dwarf;
				ENABLE_STRICT_OBJC_MSGSEND = YES;
				ENABLE_TESTABILITY = YES;
				GCC_C_LANGUAGE_STANDARD = gnu11;
				GCC_DYNAMIC_NO_PIC = NO;
				GCC_NO_COMMON_BLOCKS = YES;
				GCC_OPTIMIZATION_LEVEL = 0;
				GCC_PREPROCESSOR_DEFINITIONS = (
					"DEBUG=1",
					"$(inherited)",
				);
				GCC_WARN_64_TO_32_BIT_CONVERSION = YES;
				GCC_WARN_ABOUT_RETURN_TYPE = YES_ERROR;
				GCC_WARN_UNDECLARED_SELECTOR = YES;
				GCC_WARN_UNINITIALIZED_AUTOS = YES_AGGRESSIVE;
				GCC_WARN_UNUSED_FUNCTION = YES;
				GCC_WARN_UNUSED_VARIABLE = YES;
				IPHONEOS_DEPLOYMENT_TARGET = 16.4;
				MTL_ENABLE_DEBUG_INFO = INCLUDE_SOURCE;
				MTL_FAST_MATH = YES;
				ONLY_ACTIVE_ARCH = YES;
				SDKROOT = iphoneos;
				SWIFT_ACTIVE_COMPILATION_CONDITIONS = DEBUG;
				SWIFT_OPTIMIZATION_LEVEL = "-Onone";
			};
			name = Debug;
		};
		F4B8E7992ACEFFEF00F89123 /* Release */ = {
			isa = XCBuildConfiguration;
			buildSettings = {
				ALWAYS_SEARCH_USER_PATHS = NO;
				CLANG_ANALYZER_NONNULL = YES;
				CLANG_ANALYZER_NUMBER_OBJECT_CONVERSION = YES_AGGRESSIVE;
				CLANG_CXX_LANGUAGE_STANDARD = "gnu++20";
				CLANG_ENABLE_MODULES = YES;
				CLANG_ENABLE_OBJC_ARC = YES;
				CLANG_ENABLE_OBJC_WEAK = YES;
				CLANG_WARN_BLOCK_CAPTURE_AUTORELEASING = YES;
				CLANG_WARN_BOOL_CONVERSION = YES;
				CLANG_WARN_COMMA = YES;
				CLANG_WARN_CONSTANT_CONVERSION = YES;
				CLANG_WARN_DEPRECATED_OBJC_IMPLEMENTATIONS = YES;
				CLANG_WARN_DIRECT_OBJC_ISA_USAGE = YES_ERROR;
				CLANG_WARN_DOCUMENTATION_COMMENTS = YES;
				CLANG_WARN_EMPTY_BODY = YES;
				CLANG_WARN_ENUM_CONVERSION = YES;
				CLANG_WARN_INFINITE_RECURSION = YES;
				CLANG_WARN_INT_CONVERSION = YES;
				CLANG_WARN_NON_LITERAL_NULL_CONVERSION = YES;
				CLANG_WARN_OBJC_IMPLICIT_RETAIN_SELF = YES;
				CLANG_WARN_OBJC_LITERAL_CONVERSION = YES;
				CLANG_WARN_OBJC_ROOT_CLASS = YES_ERROR;
				CLANG_WARN_QUOTED_INCLUDE_IN_FRAMEWORK_HEADER = YES;
				CLANG_WARN_RANGE_LOOP_ANALYSIS = YES;
				CLANG_WARN_STRICT_PROTOTYPES = YES;
				CLANG_WARN_SUSPICIOUS_MOVE = YES;
				CLANG_WARN_UNGUARDED_AVAILABILITY = YES_AGGRESSIVE;
				CLANG_WARN_UNREACHABLE_CODE = YES;
				CLANG_WARN__DUPLICATE_METHOD_MATCH = YES;
				COPY_PHASE_STRIP = NO;
				DEBUG_INFORMATION_FORMAT = "dwarf-with-dsym";
				ENABLE_NS_ASSERTIONS = NO;
				ENABLE_STRICT_OBJC_MSGSEND = YES;
				GCC_C_LANGUAGE_STANDARD = gnu11;
				GCC_NO_COMMON_BLOCKS = YES;
				GCC_WARN_64_TO_32_BIT_CONVERSION = YES;
				GCC_WARN_ABOUT_RETURN_TYPE = YES_ERROR;
				GCC_WARN_UNDECLARED_SELECTOR = YES;
				GCC_WARN_UNINITIALIZED_AUTOS = YES_AGGRESSIVE;
				GCC_WARN_UNUSED_FUNCTION = YES;
				GCC_WARN_UNUSED_VARIABLE = YES;
				IPHONEOS_DEPLOYMENT_TARGET = 16.4;
				MTL_ENABLE_DEBUG_INFO = NO;
				MTL_FAST_MATH = YES;
				SDKROOT = iphoneos;
				SWIFT_COMPILATION_MODE = wholemodule;
				SWIFT_OPTIMIZATION_LEVEL = "-O";
				VALIDATE_PRODUCT = YES;
			};
			name = Release;
		};
		F4B8E79B2ACEFFEF00F89123 /* Debug */ = {
			isa = XCBuildConfiguration;
			buildSettings = {
				ASSETCATALOG_COMPILER_APPICON_NAME = AppIcon;
				ASSETCATALOG_COMPILER_GLOBAL_ACCENT_COLOR_NAME = AccentColor;
				CODE_SIGN_STYLE = Automatic;
				CURRENT_PROJECT_VERSION = 1;
				GENERATE_INFOPLIST_FILE = YES;
				INFOPLIST_FILE = task_7/Resources/Info.plist;
				INFOPLIST_KEY_UIApplicationSupportsIndirectInputEvents = YES;
				INFOPLIST_KEY_UILaunchStoryboardName = LaunchScreen;
				INFOPLIST_KEY_UIMainStoryboardFile = Main;
				INFOPLIST_KEY_UISupportedInterfaceOrientations_iPad = "UIInterfaceOrientationPortrait UIInterfaceOrientationPortraitUpsideDown UIInterfaceOrientationLandscapeLeft UIInterfaceOrientationLandscapeRight";
				INFOPLIST_KEY_UISupportedInterfaceOrientations_iPhone = "UIInterfaceOrientationPortrait UIInterfaceOrientationLandscapeLeft UIInterfaceOrientationLandscapeRight";
				LD_RUNPATH_SEARCH_PATHS = (
					"$(inherited)",
					"@executable_path/Frameworks",
				);
				MARKETING_VERSION = 1.0;
				PRODUCT_BUNDLE_IDENTIFIER = "-23.task-7";
				PRODUCT_NAME = "$(TARGET_NAME)";
				SWIFT_EMIT_LOC_STRINGS = YES;
				SWIFT_VERSION = 5.0;
				TARGETED_DEVICE_FAMILY = "1,2";
			};
			name = Debug;
		};
		F4B8E79C2ACEFFEF00F89123 /* Release */ = {
			isa = XCBuildConfiguration;
			buildSettings = {
				ASSETCATALOG_COMPILER_APPICON_NAME = AppIcon;
				ASSETCATALOG_COMPILER_GLOBAL_ACCENT_COLOR_NAME = AccentColor;
				CODE_SIGN_STYLE = Automatic;
				CURRENT_PROJECT_VERSION = 1;
				GENERATE_INFOPLIST_FILE = YES;
				INFOPLIST_FILE = task_7/Resources/Info.plist;
				INFOPLIST_KEY_UIApplicationSupportsIndirectInputEvents = YES;
				INFOPLIST_KEY_UILaunchStoryboardName = LaunchScreen;
				INFOPLIST_KEY_UIMainStoryboardFile = Main;
				INFOPLIST_KEY_UISupportedInterfaceOrientations_iPad = "UIInterfaceOrientationPortrait UIInterfaceOrientationPortraitUpsideDown UIInterfaceOrientationLandscapeLeft UIInterfaceOrientationLandscapeRight";
				INFOPLIST_KEY_UISupportedInterfaceOrientations_iPhone = "UIInterfaceOrientationPortrait UIInterfaceOrientationLandscapeLeft UIInterfaceOrientationLandscapeRight";
				LD_RUNPATH_SEARCH_PATHS = (
					"$(inherited)",
					"@executable_path/Frameworks",
				);
				MARKETING_VERSION = 1.0;
				PRODUCT_BUNDLE_IDENTIFIER = "-23.task-7";
				PRODUCT_NAME = "$(TARGET_NAME)";
				SWIFT_EMIT_LOC_STRINGS = YES;
				SWIFT_VERSION = 5.0;
				TARGETED_DEVICE_FAMILY = "1,2";
			};
			name = Release;
		};
		F4B8E79E2ACEFFEF00F89123 /* Debug */ = {
			isa = XCBuildConfiguration;
			buildSettings = {
				ALWAYS_EMBED_SWIFT_STANDARD_LIBRARIES = YES;
				BUNDLE_LOADER = "$(TEST_HOST)";
				CODE_SIGN_STYLE = Automatic;
				CURRENT_PROJECT_VERSION = 1;
				GENERATE_INFOPLIST_FILE = YES;
				IPHONEOS_DEPLOYMENT_TARGET = 16.4;
				MARKETING_VERSION = 1.0;
				PRODUCT_BUNDLE_IDENTIFIER = "-23.task-7Tests";
				PRODUCT_NAME = "$(TARGET_NAME)";
				SWIFT_EMIT_LOC_STRINGS = NO;
				SWIFT_VERSION = 5.0;
				TARGETED_DEVICE_FAMILY = "1,2";
				TEST_HOST = "$(BUILT_PRODUCTS_DIR)/task_7.app/$(BUNDLE_EXECUTABLE_FOLDER_PATH)/task_7";
			};
			name = Debug;
		};
		F4B8E79F2ACEFFEF00F89123 /* Release */ = {
			isa = XCBuildConfiguration;
			buildSettings = {
				ALWAYS_EMBED_SWIFT_STANDARD_LIBRARIES = YES;
				BUNDLE_LOADER = "$(TEST_HOST)";
				CODE_SIGN_STYLE = Automatic;
				CURRENT_PROJECT_VERSION = 1;
				GENERATE_INFOPLIST_FILE = YES;
				IPHONEOS_DEPLOYMENT_TARGET = 16.4;
				MARKETING_VERSION = 1.0;
				PRODUCT_BUNDLE_IDENTIFIER = "-23.task-7Tests";
				PRODUCT_NAME = "$(TARGET_NAME)";
				SWIFT_EMIT_LOC_STRINGS = NO;
				SWIFT_VERSION = 5.0;
				TARGETED_DEVICE_FAMILY = "1,2";
				TEST_HOST = "$(BUILT_PRODUCTS_DIR)/task_7.app/$(BUNDLE_EXECUTABLE_FOLDER_PATH)/task_7";
			};
			name = Release;
		};
		F4B8E7A12ACEFFEF00F89123 /* Debug */ = {
			isa = XCBuildConfiguration;
			buildSettings = {
				ALWAYS_EMBED_SWIFT_STANDARD_LIBRARIES = YES;
				CODE_SIGN_STYLE = Automatic;
				CURRENT_PROJECT_VERSION = 1;
				GENERATE_INFOPLIST_FILE = YES;
				MARKETING_VERSION = 1.0;
				PRODUCT_BUNDLE_IDENTIFIER = "-23.task-7UITests";
				PRODUCT_NAME = "$(TARGET_NAME)";
				SWIFT_EMIT_LOC_STRINGS = NO;
				SWIFT_VERSION = 5.0;
				TARGETED_DEVICE_FAMILY = "1,2";
				TEST_TARGET_NAME = task_7;
			};
			name = Debug;
		};
		F4B8E7A22ACEFFEF00F89123 /* Release */ = {
			isa = XCBuildConfiguration;
			buildSettings = {
				ALWAYS_EMBED_SWIFT_STANDARD_LIBRARIES = YES;
				CODE_SIGN_STYLE = Automatic;
				CURRENT_PROJECT_VERSION = 1;
				GENERATE_INFOPLIST_FILE = YES;
				MARKETING_VERSION = 1.0;
				PRODUCT_BUNDLE_IDENTIFIER = "-23.task-7UITests";
				PRODUCT_NAME = "$(TARGET_NAME)";
				SWIFT_EMIT_LOC_STRINGS = NO;
				SWIFT_VERSION = 5.0;
				TARGETED_DEVICE_FAMILY = "1,2";
				TEST_TARGET_NAME = task_7;
			};
			name = Release;
		};
/* End XCBuildConfiguration section */

/* Begin XCConfigurationList section */
		F4B8E76B2ACEFFED00F89123 /* Build configuration list for PBXProject "task_7" */ = {
			isa = XCConfigurationList;
			buildConfigurations = (
				F4B8E7982ACEFFEF00F89123 /* Debug */,
				F4B8E7992ACEFFEF00F89123 /* Release */,
			);
			defaultConfigurationIsVisible = 0;
			defaultConfigurationName = Release;
		};
		F4B8E79A2ACEFFEF00F89123 /* Build configuration list for PBXNativeTarget "task_7" */ = {
			isa = XCConfigurationList;
			buildConfigurations = (
				F4B8E79B2ACEFFEF00F89123 /* Debug */,
				F4B8E79C2ACEFFEF00F89123 /* Release */,
			);
			defaultConfigurationIsVisible = 0;
			defaultConfigurationName = Release;
		};
		F4B8E79D2ACEFFEF00F89123 /* Build configuration list for PBXNativeTarget "task_7Tests" */ = {
			isa = XCConfigurationList;
			buildConfigurations = (
				F4B8E79E2ACEFFEF00F89123 /* Debug */,
				F4B8E79F2ACEFFEF00F89123 /* Release */,
			);
			defaultConfigurationIsVisible = 0;
			defaultConfigurationName = Release;
		};
		F4B8E7A02ACEFFEF00F89123 /* Build configuration list for PBXNativeTarget "task_7UITests" */ = {
			isa = XCConfigurationList;
			buildConfigurations = (
				F4B8E7A12ACEFFEF00F89123 /* Debug */,
				F4B8E7A22ACEFFEF00F89123 /* Release */,
			);
			defaultConfigurationIsVisible = 0;
			defaultConfigurationName = Release;
		};
/* End XCConfigurationList section */

/* Begin XCRemoteSwiftPackageReference section */
		946DFB672AD4213400F5C2F3 /* XCRemoteSwiftPackageReference "SnapKit" */ = {
			isa = XCRemoteSwiftPackageReference;
			repositoryURL = "https://github.com/SnapKit/SnapKit.git";
			requirement = {
				kind = upToNextMinorVersion;
				minimumVersion = 5.6.0;
			};
		};
/* End XCRemoteSwiftPackageReference section */

/* Begin XCSwiftPackageProductDependency section */
		946DFB682AD421BA00F5C2F3 /* SnapKit */ = {
			isa = XCSwiftPackageProductDependency;
			package = 946DFB672AD4213400F5C2F3 /* XCRemoteSwiftPackageReference "SnapKit" */;
			productName = SnapKit;
		};
/* End XCSwiftPackageProductDependency section */
	};
	rootObject = F4B8E7682ACEFFED00F89123 /* Project object */;
}
